
Microsoft Visual Studio Solution File, Format Version 12.00
# Visual Studio Version 17
VisualStudioVersion = 17.0.31903.59
MinimumVisualStudioVersion = 10.0.40219.1
Project("{FAE04EC0-301F-11D3-BF4B-00C04F79EFBC}") = "LibraryManagement.API", "LibraryManagement.API\LibraryManagement.API.csproj", "{56D81831-0578-488F-B026-A65575EEE82B}"
EndProject
Project("{FAE04EC0-301F-11D3-BF4B-00C04F79EFBC}") = "LibraryManagement.Core", "LibraryManagement.Core\LibraryManagement.Core.csproj", "{7A069F30-819E-48C1-933E-32335B802FAE}"
EndProject
Project("{FAE04EC0-301F-11D3-BF4B-00C04F79EFBC}") = "LibraryManagement.Infrastructure", "LibraryManagement.Infrastructure\LibraryManagement.Infrastructure.csproj", "{7FBD2227-8F6D-4141-ACA8-03A716CA9950}"
EndProject
Global
	GlobalSection(SolutionConfigurationPlatforms) = preSolution
		Debug|Any CPU = Debug|Any CPU
		Debug|x64 = Debug|x64
		Debug|x86 = Debug|x86
		Release|Any CPU = Release|Any CPU
		Release|x64 = Release|x64
		Release|x86 = Release|x86
	EndGlobalSection
	GlobalSection(ProjectConfigurationPlatforms) = postSolution
		{56D81831-0578-488F-B026-A65575EEE82B}.Debug|Any CPU.ActiveCfg = Debug|Any CPU
		{56D81831-0578-488F-B026-A65575EEE82B}.Debug|Any CPU.Build.0 = Debug|Any CPU
		{56D81831-0578-488F-B026-A65575EEE82B}.Debug|x64.ActiveCfg = Debug|Any CPU
		{56D81831-0578-488F-B026-A65575EEE82B}.Debug|x64.Build.0 = Debug|Any CPU
		{56D81831-0578-488F-B026-A65575EEE82B}.Debug|x86.ActiveCfg = Debug|Any CPU
		{56D81831-0578-488F-B026-A65575EEE82B}.Debug|x86.Build.0 = Debug|Any CPU
		{56D81831-0578-488F-B026-A65575EEE82B}.Release|Any CPU.ActiveCfg = Release|Any CPU
		{56D81831-0578-488F-B026-A65575EEE82B}.Release|Any CPU.Build.0 = Release|Any CPU
		{56D81831-0578-488F-B026-A65575EEE82B}.Release|x64.ActiveCfg = Release|Any CPU
		{56D81831-0578-488F-B026-A65575EEE82B}.Release|x64.Build.0 = Release|Any CPU
		{56D81831-0578-488F-B026-A65575EEE82B}.Release|x86.ActiveCfg = Release|Any CPU
		{56D81831-0578-488F-B026-A65575EEE82B}.Release|x86.Build.0 = Release|Any CPU
		{7A069F30-819E-48C1-933E-32335B802FAE}.Debug|Any CPU.ActiveCfg = Debug|Any CPU
		{7A069F30-819E-48C1-933E-32335B802FAE}.Debug|Any CPU.Build.0 = Debug|Any CPU
		{7A069F30-819E-48C1-933E-32335B802FAE}.Debug|x64.ActiveCfg = Debug|Any CPU
		{7A069F30-819E-48C1-933E-32335B802FAE}.Debug|x64.Build.0 = Debug|Any CPU
		{7A069F30-819E-48C1-933E-32335B802FAE}.Debug|x86.ActiveCfg = Debug|Any CPU
		{7A069F30-819E-48C1-933E-32335B802FAE}.Debug|x86.Build.0 = Debug|Any CPU
		{7A069F30-819E-48C1-933E-32335B802FAE}.Release|Any CPU.ActiveCfg = Release|Any CPU
		{7A069F30-819E-48C1-933E-32335B802FAE}.Release|Any CPU.Build.0 = Release|Any CPU
		{7A069F30-819E-48C1-933E-32335B802FAE}.Release|x64.ActiveCfg = Release|Any CPU
		{7A069F30-819E-48C1-933E-32335B802FAE}.Release|x64.Build.0 = Release|Any CPU
		{7A069F30-819E-48C1-933E-32335B802FAE}.Release|x86.ActiveCfg = Release|Any CPU
		{7A069F30-819E-48C1-933E-32335B802FAE}.Release|x86.Build.0 = Release|Any CPU
		{7FBD2227-8F6D-4141-ACA8-03A716CA9950}.Debug|Any CPU.ActiveCfg = Debug|Any CPU
		{7FBD2227-8F6D-4141-ACA8-03A716CA9950}.Debug|Any CPU.Build.0 = Debug|Any CPU
		{7FBD2227-8F6D-4141-ACA8-03A716CA9950}.Debug|x64.ActiveCfg = Debug|Any CPU
		{7FBD2227-8F6D-4141-ACA8-03A716CA9950}.Debug|x64.Build.0 = Debug|Any CPU
		{7FBD2227-8F6D-4141-ACA8-03A716CA9950}.Debug|x86.ActiveCfg = Debug|Any CPU
		{7FBD2227-8F6D-4141-ACA8-03A716CA9950}.Debug|x86.Build.0 = Debug|Any CPU
		{7FBD2227-8F6D-4141-ACA8-03A716CA9950}.Release|Any CPU.ActiveCfg = Release|Any CPU
		{7FBD2227-8F6D-4141-ACA8-03A716CA9950}.Release|Any CPU.Build.0 = Release|Any CPU
		{7FBD2227-8F6D-4141-ACA8-03A716CA9950}.Release|x64.ActiveCfg = Release|Any CPU
		{7FBD2227-8F6D-4141-ACA8-03A716CA9950}.Release|x64.Build.0 = Release|Any CPU
		{7FBD2227-8F6D-4141-ACA8-03A716CA9950}.Release|x86.ActiveCfg = Release|Any CPU
		{7FBD2227-8F6D-4141-ACA8-03A716CA9950}.Release|x86.Build.0 = Release|Any CPU
	EndGlobalSection
	GlobalSection(SolutionProperties) = preSolution
		HideSolutionNode = FALSE
	EndGlobalSection
EndGlobal
